
Microsoft Visual Studio Solution File, Format Version 12.00
# Visual Studio Version 17
VisualStudioVersion = 17.8.34309.116
MinimumVisualStudioVersion = 10.0.40219.1
Project("{FAE04EC0-301F-11D3-BF4B-00C04F79EFBC}") = "Quartz.NET", "Quartz.NET\Quartz.NET.csproj", "{5CE41275-6BA6-497C-AE66-9436B587562E}"
EndProject
Global
	GlobalSection(SolutionConfigurationPlatforms) = preSolution
		Debug|Any CPU = Debug|Any CPU
		Release|Any CPU = Release|Any CPU
	EndGlobalSection
	GlobalSection(ProjectConfigurationPlatforms) = postSolution
		{5CE41275-6BA6-497C-AE66-9436B587562E}.Debug|Any CPU.ActiveCfg = Debug|Any CPU
		{5CE41275-6BA6-497C-AE66-9436B587562E}.Debug|Any CPU.Build.0 = Debug|Any CPU
		{5CE41275-6BA6-497C-AE66-9436B587562E}.Release|Any CPU.ActiveCfg = Release|Any CPU
		{5CE41275-6BA6-497C-AE66-9436B587562E}.Release|Any CPU.Build.0 = Release|Any CPU
	EndGlobalSection
	GlobalSection(SolutionProperties) = preSolution
		HideSolutionNode = FALSE
	EndGlobalSection
	GlobalSection(ExtensibilityGlobals) = postSolution
		SolutionGuid = {938CCB8C-4E3E-4439-B44C-33A281AB3787}
	EndGlobalSection
EndGlobal
